
Microsoft Visual Studio Solution File, Format Version 12.00
# Visual Studio Version 17
VisualStudioVersion = 17.7.33711.374
MinimumVisualStudioVersion = 10.0.40219.1
Project("{9A19103F-16F7-4668-BE54-9A1E7A4F7556}") = "bulkyWeb", "bulkyWeb\bulkyWeb.csproj", "{CBDB45BF-1D91-46E4-94E4-C8AE52583D6A}"
EndProject
Project("{FAE04EC0-301F-11D3-BF4B-00C04F79EFBC}") = "Bulky.DataAccess", "Bulky.DataAccess\Bulky.DataAccess.csproj", "{210ABA5D-E165-4D2C-8CA0-A48615366F81}"
EndProject
Project("{FAE04EC0-301F-11D3-BF4B-00C04F79EFBC}") = "Bulky.Models", "Bulky.Models\Bulky.Models.csproj", "{13F97FBB-D73F-4CDB-A03D-F48274475819}"
EndProject
Project("{FAE04EC0-301F-11D3-BF4B-00C04F79EFBC}") = "Bulky.Utility", "Bulky.Utility\Bulky.Utility.csproj", "{48366AB4-05C4-41E6-B6AF-A020AB602518}"
EndProject
Global
	GlobalSection(SolutionConfigurationPlatforms) = preSolution
		Debug|Any CPU = Debug|Any CPU
		Release|Any CPU = Release|Any CPU
	EndGlobalSection
	GlobalSection(ProjectConfigurationPlatforms) = postSolution
		{CBDB45BF-1D91-46E4-94E4-C8AE52583D6A}.Debug|Any CPU.ActiveCfg = Debug|Any CPU
		{CBDB45BF-1D91-46E4-94E4-C8AE52583D6A}.Debug|Any CPU.Build.0 = Debug|Any CPU
		{CBDB45BF-1D91-46E4-94E4-C8AE52583D6A}.Release|Any CPU.ActiveCfg = Release|Any CPU
		{CBDB45BF-1D91-46E4-94E4-C8AE52583D6A}.Release|Any CPU.Build.0 = Release|Any CPU
		{210ABA5D-E165-4D2C-8CA0-A48615366F81}.Debug|Any CPU.ActiveCfg = Debug|Any CPU
		{210ABA5D-E165-4D2C-8CA0-A48615366F81}.Debug|Any CPU.Build.0 = Debug|Any CPU
		{210ABA5D-E165-4D2C-8CA0-A48615366F81}.Release|Any CPU.ActiveCfg = Release|Any CPU
		{210ABA5D-E165-4D2C-8CA0-A48615366F81}.Release|Any CPU.Build.0 = Release|Any CPU
		{13F97FBB-D73F-4CDB-A03D-F48274475819}.Debug|Any CPU.ActiveCfg = Debug|Any CPU
		{13F97FBB-D73F-4CDB-A03D-F48274475819}.Debug|Any CPU.Build.0 = Debug|Any CPU
		{13F97FBB-D73F-4CDB-A03D-F48274475819}.Release|Any CPU.ActiveCfg = Release|Any CPU
		{13F97FBB-D73F-4CDB-A03D-F48274475819}.Release|Any CPU.Build.0 = Release|Any CPU
		{48366AB4-05C4-41E6-B6AF-A020AB602518}.Debug|Any CPU.ActiveCfg = Debug|Any CPU
		{48366AB4-05C4-41E6-B6AF-A020AB602518}.Debug|Any CPU.Build.0 = Debug|Any CPU
		{48366AB4-05C4-41E6-B6AF-A020AB602518}.Release|Any CPU.ActiveCfg = Release|Any CPU
		{48366AB4-05C4-41E6-B6AF-A020AB602518}.Release|Any CPU.Build.0 = Release|Any CPU
	EndGlobalSection
	GlobalSection(SolutionProperties) = preSolution
		HideSolutionNode = FALSE
	EndGlobalSection
	GlobalSection(ExtensibilityGlobals) = postSolution
		SolutionGuid = {E3AD5F02-B2FF-4D9A-9C6C-4E6D08579AC5}
	EndGlobalSection
EndGlobal
